{
  "originHash" : "3b2e7452951702535e4cc1ce4c7082a97362c2e2c997c4ef1d7dd7085696cae4",
  "pins" : [
    {
      "identity" : "izzirequest",
      "kind" : "remoteSourceControl",
      "location" : "https://github.com/Desp0o/izziRequest.git",
      "state" : {
        "branch" : "main",
        "revision" : "c933e02bd8f45ffe739465af18c0c7fdb532e576"
      }
    },
    {
      "identity" : "kingfisher",
      "kind" : "remoteSourceControl",
      "location" : "https://github.com/onevcat/Kingfisher.git",
      "state" : {
        "revision" : "7deda23bbdca612076c5c315003d8638a08ed0f1",
        "version" : "8.3.2"
      }
    }
  ],
  "version" : 3
}
